
Microsoft Visual Studio Solution File, Format Version 12.00
# Visual Studio 15
VisualStudioVersion = 15.0.26403.7
MinimumVisualStudioVersion = 10.0.40219.1
Project("{FAE04EC0-301F-11D3-BF4B-00C04F79EFBC}") = "TLWebsite.Tests", "TLWebsite.Tests\TLWebsite.Tests.csproj", "{56C6DCA4-3C26-4ECD-B0C4-6EA9BFF9827E}"
EndProject
Project("{FAE04EC0-301F-11D3-BF4B-00C04F79EFBC}") = "TLWebsite.API", "TLWebsite.API\TLWebsite.API.csproj", "{7BA89920-3D5C-40F5-B0F8-AACDD4E8C1F8}"
EndProject
Project("{FAE04EC0-301F-11D3-BF4B-00C04F79EFBC}") = "TLWebsite.Data", "TLWebsite.Data\TLWebsite.Data.csproj", "{BB776B2C-D0FB-435F-9BA6-EA6ED00A8168}"
EndProject
Global
	GlobalSection(SolutionConfigurationPlatforms) = preSolution
		Debug|Any CPU = Debug|Any CPU
		Release|Any CPU = Release|Any CPU
	EndGlobalSection
	GlobalSection(ProjectConfigurationPlatforms) = postSolution
		{56C6DCA4-3C26-4ECD-B0C4-6EA9BFF9827E}.Debug|Any CPU.ActiveCfg = Debug|Any CPU
		{56C6DCA4-3C26-4ECD-B0C4-6EA9BFF9827E}.Debug|Any CPU.Build.0 = Debug|Any CPU
		{56C6DCA4-3C26-4ECD-B0C4-6EA9BFF9827E}.Release|Any CPU.ActiveCfg = Release|Any CPU
		{56C6DCA4-3C26-4ECD-B0C4-6EA9BFF9827E}.Release|Any CPU.Build.0 = Release|Any CPU
		{7BA89920-3D5C-40F5-B0F8-AACDD4E8C1F8}.Debug|Any CPU.ActiveCfg = Debug|Any CPU
		{7BA89920-3D5C-40F5-B0F8-AACDD4E8C1F8}.Debug|Any CPU.Build.0 = Debug|Any CPU
		{7BA89920-3D5C-40F5-B0F8-AACDD4E8C1F8}.Release|Any CPU.ActiveCfg = Release|Any CPU
		{7BA89920-3D5C-40F5-B0F8-AACDD4E8C1F8}.Release|Any CPU.Build.0 = Release|Any CPU
		{BB776B2C-D0FB-435F-9BA6-EA6ED00A8168}.Debug|Any CPU.ActiveCfg = Debug|Any CPU
		{BB776B2C-D0FB-435F-9BA6-EA6ED00A8168}.Debug|Any CPU.Build.0 = Debug|Any CPU
		{BB776B2C-D0FB-435F-9BA6-EA6ED00A8168}.Release|Any CPU.ActiveCfg = Release|Any CPU
		{BB776B2C-D0FB-435F-9BA6-EA6ED00A8168}.Release|Any CPU.Build.0 = Release|Any CPU
	EndGlobalSection
	GlobalSection(SolutionProperties) = preSolution
		HideSolutionNode = FALSE
	EndGlobalSection
EndGlobal
